
Microsoft Visual Studio Solution File, Format Version 12.00
# Visual Studio Version 17
VisualStudioVersion = 17.4.33205.214
MinimumVisualStudioVersion = 10.0.40219.1
Project("{9A19103F-16F7-4668-BE54-9A1E7A4F7556}") = "PracticeProject", "PracticeProject\PracticeProject.csproj", "{77F57DE0-7495-4354-B705-433093B56FEE}"
EndProject
Global
	GlobalSection(SolutionConfigurationPlatforms) = preSolution
		Debug|Any CPU = Debug|Any CPU
		Release|Any CPU = Release|Any CPU
	EndGlobalSection
	GlobalSection(ProjectConfigurationPlatforms) = postSolution
		{77F57DE0-7495-4354-B705-433093B56FEE}.Debug|Any CPU.ActiveCfg = Debug|Any CPU
		{77F57DE0-7495-4354-B705-433093B56FEE}.Debug|Any CPU.Build.0 = Debug|Any CPU
		{77F57DE0-7495-4354-B705-433093B56FEE}.Release|Any CPU.ActiveCfg = Release|Any CPU
		{77F57DE0-7495-4354-B705-433093B56FEE}.Release|Any CPU.Build.0 = Release|Any CPU
	EndGlobalSection
	GlobalSection(SolutionProperties) = preSolution
		HideSolutionNode = FALSE
	EndGlobalSection
	GlobalSection(ExtensibilityGlobals) = postSolution
		SolutionGuid = {3F4D1DE4-FA9A-4C8C-BC8A-A49BDC013F4A}
	EndGlobalSection
EndGlobal
